{
  "name": "codeclimate-tslint",
  "version": "0.8.1",
  "lockfileVersion": 1,
  "requires": true,
  "dependencies": {
    "@angular/common": {
      "version": "5.2.0",
      "resolved": "https://registry.npmjs.org/@angular/common/-/common-5.2.0.tgz",
      "integrity": "sha512-yMFn2isC7/XOs56/2Kzzbb1AASHiwipAPOVFtKe7TdZQClO8fJXwCnk326rzr615+CG0eSBNQWeiFGyWN2riBA==",
      "dev": true,
      "requires": {
        "tslib": "1.8.1"
      }
    },
    "@angular/compiler": {
      "version": "5.2.0",
      "resolved": "https://registry.npmjs.org/@angular/compiler/-/compiler-5.2.0.tgz",
      "integrity": "sha512-RfYa4ESgjGX0T0ob/Xz00IF7nd2xZkoyRy6oKgL82q42uzB3xZUDMrFNgeGxAUs3H22IkL46/5SSPOMOTMZ0NA==",
      "dev": true,
      "requires": {
        "tslib": "1.8.1"
      }
    },
    "@angular/platform-browser": {
      "version": "5.2.0",
      "resolved": "https://registry.npmjs.org/@angular/platform-browser/-/platform-browser-5.2.0.tgz",
      "integrity": "sha512-c6cR15MfopPwGZ097HdRuAi9+R9BhA3bRRFpP2HmrSSB/BW4ZNovUYwB2QUMSYbd9s0lYTtnavqGm6DKcyF2QA==",
      "dev": true,
      "requires": {
        "tslib": "1.8.1"
      }
    },
    "@angular/platform-browser-dynamic": {
      "version": "5.2.0",
      "resolved": "https://registry.npmjs.org/@angular/platform-browser-dynamic/-/platform-browser-dynamic-5.2.0.tgz",
      "integrity": "sha512-xG1eNoi8sm4Jcly2y98r5mqYVe3XV8sUJCtOhvGBYtvt4dKEQ5tOns6fWQ0nUbl6Vv3Y0xgGUS1JCtfut3DuaQ==",
      "dev": true,
      "requires": {
        "tslib": "1.8.1"
      }
    },
    "tslib": {
      "version": "1.8.1",
      "resolved": "https://registry.npmjs.org/tslib/-/tslib-1.8.1.tgz",
      "integrity": "sha1-aUavLR1lGnsYY7Ux1uWvpBqkTqw=",
      "dev": true
    },
    "zone.js": {
      "version": "0.8.20",
      "resolved": "https://registry.npmjs.org/zone.js/-/zone.js-0.8.20.tgz",
      "integrity": "sha512-FXlA37ErSXCMy5RNBcGFgCI/Zivqzr0D19GuvDxhcYIJc7xkFp6c29DKyODJu0Zo+EMyur/WPPgcBh1EHjB9jA==",
      "dev": true
    }
  }
}
